// !$*UTF8*$!
{
	archiveVersion = 1;
	classes = {
	};
	objectVersion = 55;
	objects = {

/* Begin PBXBuildFile section */
		2A9D3C022996BBB100AA6187 /* NewsAppApp.swift in Sources */ = {isa = PBXBuildFile; fileRef = 2A9D3C012996BBB100AA6187 /* NewsAppApp.swift */; };
		2A9D3C042996BBB100AA6187 /* ContentView.swift in Sources */ = {isa = PBXBuildFile; fileRef = 2A9D3C032996BBB100AA6187 /* ContentView.swift */; };
		2A9D3C062996BBB300AA6187 /* Assets.xcassets in Resources */ = {isa = PBXBuildFile; fileRef = 2A9D3C052996BBB300AA6187 /* Assets.xcassets */; };
		2A9D3C092996BBB300AA6187 /* Preview Assets.xcassets in Resources */ = {isa = PBXBuildFile; fileRef = 2A9D3C082996BBB300AA6187 /* Preview Assets.xcassets */; };
		2A9D3C132996BC2400AA6187 /* ArticleSearchViewModel.swift in Sources */ = {isa = PBXBuildFile; fileRef = 2A9D3C102996BC2400AA6187 /* ArticleSearchViewModel.swift */; };
		2A9D3C142996BC2400AA6187 /* ArticleBookmarkViewModel.swift in Sources */ = {isa = PBXBuildFile; fileRef = 2A9D3C112996BC2400AA6187 /* ArticleBookmarkViewModel.swift */; };
		2A9D3C152996BC2400AA6187 /* ArticleNewsViewModel.swift in Sources */ = {isa = PBXBuildFile; fileRef = 2A9D3C122996BC2400AA6187 /* ArticleNewsViewModel.swift */; };
		2A9D3C182996BC4B00AA6187 /* NewsAPI.swift in Sources */ = {isa = PBXBuildFile; fileRef = 2A9D3C172996BC4B00AA6187 /* NewsAPI.swift */; };
		2A9D3C232996BC6400AA6187 /* ArticleRowView.swift in Sources */ = {isa = PBXBuildFile; fileRef = 2A9D3C1A2996BC6300AA6187 /* ArticleRowView.swift */; };
		2A9D3C242996BC6400AA6187 /* SafariView.swift in Sources */ = {isa = PBXBuildFile; fileRef = 2A9D3C1B2996BC6400AA6187 /* SafariView.swift */; };
		2A9D3C252996BC6400AA6187 /* SearchHistoryListView.swift in Sources */ = {isa = PBXBuildFile; fileRef = 2A9D3C1C2996BC6400AA6187 /* SearchHistoryListView.swift */; };
		2A9D3C262996BC6400AA6187 /* RetryView.swift in Sources */ = {isa = PBXBuildFile; fileRef = 2A9D3C1D2996BC6400AA6187 /* RetryView.swift */; };
		2A9D3C272996BC6400AA6187 /* BookmarkTabView.swift in Sources */ = {isa = PBXBuildFile; fileRef = 2A9D3C1E2996BC6400AA6187 /* BookmarkTabView.swift */; };
		2A9D3C282996BC6400AA6187 /* SearchTabView.swift in Sources */ = {isa = PBXBuildFile; fileRef = 2A9D3C1F2996BC6400AA6187 /* SearchTabView.swift */; };
		2A9D3C292996BC6400AA6187 /* EmptyPlaceholderView.swift in Sources */ = {isa = PBXBuildFile; fileRef = 2A9D3C202996BC6400AA6187 /* EmptyPlaceholderView.swift */; };
		2A9D3C2A2996BC6400AA6187 /* ArticleListView.swift in Sources */ = {isa = PBXBuildFile; fileRef = 2A9D3C212996BC6400AA6187 /* ArticleListView.swift */; };
		2A9D3C2B2996BC6400AA6187 /* NewsTabView.swift in Sources */ = {isa = PBXBuildFile; fileRef = 2A9D3C222996BC6400AA6187 /* NewsTabView.swift */; };
		2A9D3C2D2996BC7A00AA6187 /* news.json in Resources */ = {isa = PBXBuildFile; fileRef = 2A9D3C2C2996BC7A00AA6187 /* news.json */; };
		2A9D3C332996BC9C00AA6187 /* Article.swift in Sources */ = {isa = PBXBuildFile; fileRef = 2A9D3C2F2996BC9C00AA6187 /* Article.swift */; };
		2A9D3C342996BC9C00AA6187 /* DataStore.swift in Sources */ = {isa = PBXBuildFile; fileRef = 2A9D3C302996BC9C00AA6187 /* DataStore.swift */; };
		2A9D3C352996BC9C00AA6187 /* Category.swift in Sources */ = {isa = PBXBuildFile; fileRef = 2A9D3C312996BC9C00AA6187 /* Category.swift */; };
		2A9D3C362996BC9C00AA6187 /* NewsAPIResponse.swift in Sources */ = {isa = PBXBuildFile; fileRef = 2A9D3C322996BC9C00AA6187 /* NewsAPIResponse.swift */; };
/* End PBXBuildFile section */

/* Begin PBXFileReference section */
		2A9D3BFE2996BBB100AA6187 /* NewsApp.app */ = {isa = PBXFileReference; explicitFileType = wrapper.application; includeInIndex = 0; path = NewsApp.app; sourceTree = BUILT_PRODUCTS_DIR; };
		2A9D3C012996BBB100AA6187 /* NewsAppApp.swift */ = {isa = PBXFileReference; lastKnownFileType = sourcecode.swift; path = NewsAppApp.swift; sourceTree = "<group>"; };
		2A9D3C032996BBB100AA6187 /* ContentView.swift */ = {isa = PBXFileReference; lastKnownFileType = sourcecode.swift; path = ContentView.swift; sourceTree = "<group>"; };
		2A9D3C052996BBB300AA6187 /* Assets.xcassets */ = {isa = PBXFileReference; lastKnownFileType = folder.assetcatalog; path = Assets.xcassets; sourceTree = "<group>"; };
		2A9D3C082996BBB300AA6187 /* Preview Assets.xcassets */ = {isa = PBXFileReference; lastKnownFileType = folder.assetcatalog; path = "Preview Assets.xcassets"; sourceTree = "<group>"; };
		2A9D3C102996BC2400AA6187 /* ArticleSearchViewModel.swift */ = {isa = PBXFileReference; fileEncoding = 4; lastKnownFileType = sourcecode.swift; path = ArticleSearchViewModel.swift; sourceTree = "<group>"; };
		2A9D3C112996BC2400AA6187 /* ArticleBookmarkViewModel.swift */ = {isa = PBXFileReference; fileEncoding = 4; lastKnownFileType = sourcecode.swift; path = ArticleBookmarkViewModel.swift; sourceTree = "<group>"; };
		2A9D3C122996BC2400AA6187 /* ArticleNewsViewModel.swift */ = {isa = PBXFileReference; fileEncoding = 4; lastKnownFileType = sourcecode.swift; path = ArticleNewsViewModel.swift; sourceTree = "<group>"; };
		2A9D3C172996BC4B00AA6187 /* NewsAPI.swift */ = {isa = PBXFileReference; fileEncoding = 4; lastKnownFileType = sourcecode.swift; path = NewsAPI.swift; sourceTree = "<group>"; };
		2A9D3C1A2996BC6300AA6187 /* ArticleRowView.swift */ = {isa = PBXFileReference; fileEncoding = 4; lastKnownFileType = sourcecode.swift; path = ArticleRowView.swift; sourceTree = "<group>"; };
		2A9D3C1B2996BC6400AA6187 /* SafariView.swift */ = {isa = PBXFileReference; fileEncoding = 4; lastKnownFileType = sourcecode.swift; path = SafariView.swift; sourceTree = "<group>"; };
		2A9D3C1C2996BC6400AA6187 /* SearchHistoryListView.swift */ = {isa = PBXFileReference; fileEncoding = 4; lastKnownFileType = sourcecode.swift; path = SearchHistoryListView.swift; sourceTree = "<group>"; };
		2A9D3C1D2996BC6400AA6187 /* RetryView.swift */ = {isa = PBXFileReference; fileEncoding = 4; lastKnownFileType = sourcecode.swift; path = RetryView.swift; sourceTree = "<group>"; };
		2A9D3C1E2996BC6400AA6187 /* BookmarkTabView.swift */ = {isa = PBXFileReference; fileEncoding = 4; lastKnownFileType = sourcecode.swift; path = BookmarkTabView.swift; sourceTree = "<group>"; };
		2A9D3C1F2996BC6400AA6187 /* SearchTabView.swift */ = {isa = PBXFileReference; fileEncoding = 4; lastKnownFileType = sourcecode.swift; path = SearchTabView.swift; sourceTree = "<group>"; };
		2A9D3C202996BC6400AA6187 /* EmptyPlaceholderView.swift */ = {isa = PBXFileReference; fileEncoding = 4; lastKnownFileType = sourcecode.swift; path = EmptyPlaceholderView.swift; sourceTree = "<group>"; };
		2A9D3C212996BC6400AA6187 /* ArticleListView.swift */ = {isa = PBXFileReference; fileEncoding = 4; lastKnownFileType = sourcecode.swift; path = ArticleListView.swift; sourceTree = "<group>"; };
		2A9D3C222996BC6400AA6187 /* NewsTabView.swift */ = {isa = PBXFileReference; fileEncoding = 4; lastKnownFileType = sourcecode.swift; path = NewsTabView.swift; sourceTree = "<group>"; };
		2A9D3C2C2996BC7A00AA6187 /* news.json */ = {isa = PBXFileReference; fileEncoding = 4; lastKnownFileType = text.json; path = news.json; sourceTree = "<group>"; };
		2A9D3C2F2996BC9C00AA6187 /* Article.swift */ = {isa = PBXFileReference; fileEncoding = 4; lastKnownFileType = sourcecode.swift; path = Article.swift; sourceTree = "<group>"; };
		2A9D3C302996BC9C00AA6187 /* DataStore.swift */ = {isa = PBXFileReference; fileEncoding = 4; lastKnownFileType = sourcecode.swift; path = DataStore.swift; sourceTree = "<group>"; };
		2A9D3C312996BC9C00AA6187 /* Category.swift */ = {isa = PBXFileReference; fileEncoding = 4; lastKnownFileType = sourcecode.swift; path = Category.swift; sourceTree = "<group>"; };
		2A9D3C322996BC9C00AA6187 /* NewsAPIResponse.swift */ = {isa = PBXFileReference; fileEncoding = 4; lastKnownFileType = sourcecode.swift; path = NewsAPIResponse.swift; sourceTree = "<group>"; };
/* End PBXFileReference section */

/* Begin PBXFrameworksBuildPhase section */
		2A9D3BFB2996BBB100AA6187 /* Frameworks */ = {
			isa = PBXFrameworksBuildPhase;
			buildActionMask = 2147483647;
			files = (
			);
			runOnlyForDeploymentPostprocessing = 0;
		};
/* End PBXFrameworksBuildPhase section */

/* Begin PBXGroup section */
		2A9D3BF52996BBB100AA6187 = {
			isa = PBXGroup;
			children = (
				2A9D3C2E2996BC9200AA6187 /* Models */,
				2A9D3C192996BC5800AA6187 /* Views */,
				2A9D3C162996BC3300AA6187 /* API Service */,
				2A9D3C0F2996BBF600AA6187 /* ViewModel */,
				2A9D3C002996BBB100AA6187 /* NewsApp */,
				2A9D3BFF2996BBB100AA6187 /* Products */,
			);
			sourceTree = "<group>";
		};
		2A9D3BFF2996BBB100AA6187 /* Products */ = {
			isa = PBXGroup;
			children = (
				2A9D3BFE2996BBB100AA6187 /* NewsApp.app */,
			);
			name = Products;
			sourceTree = "<group>";
		};
		2A9D3C002996BBB100AA6187 /* NewsApp */ = {
			isa = PBXGroup;
			children = (
				2A9D3C012996BBB100AA6187 /* NewsAppApp.swift */,
				2A9D3C032996BBB100AA6187 /* ContentView.swift */,
				2A9D3C2C2996BC7A00AA6187 /* news.json */,
				2A9D3C052996BBB300AA6187 /* Assets.xcassets */,
				2A9D3C072996BBB300AA6187 /* Preview Content */,
			);
			path = NewsApp;
			sourceTree = "<group>";
		};
		2A9D3C072996BBB300AA6187 /* Preview Content */ = {
			isa = PBXGroup;
			children = (
				2A9D3C082996BBB300AA6187 /* Preview Assets.xcassets */,
			);
			path = "Preview Content";
			sourceTree = "<group>";
		};
		2A9D3C0F2996BBF600AA6187 /* ViewModel */ = {
			isa = PBXGroup;
			children = (
				2A9D3C112996BC2400AA6187 /* ArticleBookmarkViewModel.swift */,
				2A9D3C122996BC2400AA6187 /* ArticleNewsViewModel.swift */,
				2A9D3C102996BC2400AA6187 /* ArticleSearchViewModel.swift */,
			);
			path = ViewModel;
			sourceTree = "<group>";
		};
		2A9D3C162996BC3300AA6187 /* API Service */ = {
			isa = PBXGroup;
			children = (
				2A9D3C172996BC4B00AA6187 /* NewsAPI.swift */,
			);
			path = "API Service";
			sourceTree = "<group>";
		};
		2A9D3C192996BC5800AA6187 /* Views */ = {
			isa = PBXGroup;
			children = (
				2A9D3C212996BC6400AA6187 /* ArticleListView.swift */,
				2A9D3C1A2996BC6300AA6187 /* ArticleRowView.swift */,
				2A9D3C1E2996BC6400AA6187 /* BookmarkTabView.swift */,
				2A9D3C202996BC6400AA6187 /* EmptyPlaceholderView.swift */,
				2A9D3C222996BC6400AA6187 /* NewsTabView.swift */,
				2A9D3C1D2996BC6400AA6187 /* RetryView.swift */,
				2A9D3C1B2996BC6400AA6187 /* SafariView.swift */,
				2A9D3C1C2996BC6400AA6187 /* SearchHistoryListView.swift */,
				2A9D3C1F2996BC6400AA6187 /* SearchTabView.swift */,
			);
			path = Views;
			sourceTree = "<group>";
		};
		2A9D3C2E2996BC9200AA6187 /* Models */ = {
			isa = PBXGroup;
			children = (
				2A9D3C2F2996BC9C00AA6187 /* Article.swift */,
				2A9D3C312996BC9C00AA6187 /* Category.swift */,
				2A9D3C302996BC9C00AA6187 /* DataStore.swift */,
				2A9D3C322996BC9C00AA6187 /* NewsAPIResponse.swift */,
			);
			path = Models;
			sourceTree = "<group>";
		};
/* End PBXGroup section */

/* Begin PBXNativeTarget section */
		2A9D3BFD2996BBB100AA6187 /* NewsApp */ = {
			isa = PBXNativeTarget;
			buildConfigurationList = 2A9D3C0C2996BBB300AA6187 /* Build configuration list for PBXNativeTarget "NewsApp" */;
			buildPhases = (
				2A9D3BFA2996BBB100AA6187 /* Sources */,
				2A9D3BFB2996BBB100AA6187 /* Frameworks */,
				2A9D3BFC2996BBB100AA6187 /* Resources */,
			);
			buildRules = (
			);
			dependencies = (
			);
			name = NewsApp;
			productName = NewsApp;
			productReference = 2A9D3BFE2996BBB100AA6187 /* NewsApp.app */;
			productType = "com.apple.product-type.application";
		};
/* End PBXNativeTarget section */

/* Begin PBXProject section */
		2A9D3BF62996BBB100AA6187 /* Project object */ = {
			isa = PBXProject;
			attributes = {
				BuildIndependentTargetsInParallel = 1;
				LastSwiftUpdateCheck = 1340;
				LastUpgradeCheck = 1340;
				TargetAttributes = {
					2A9D3BFD2996BBB100AA6187 = {
						CreatedOnToolsVersion = 13.4.1;
					};
				};
			};
			buildConfigurationList = 2A9D3BF92996BBB100AA6187 /* Build configuration list for PBXProject "NewsApp" */;
			compatibilityVersion = "Xcode 13.0";
			developmentRegion = en;
			hasScannedForEncodings = 0;
			knownRegions = (
				en,
				Base,
			);
			mainGroup = 2A9D3BF52996BBB100AA6187;
			productRefGroup = 2A9D3BFF2996BBB100AA6187 /* Products */;
			projectDirPath = "";
			projectRoot = "";
			targets = (
				2A9D3BFD2996BBB100AA6187 /* NewsApp */,
			);
		};
/* End PBXProject section */

/* Begin PBXResourcesBuildPhase section */
		2A9D3BFC2996BBB100AA6187 /* Resources */ = {
			isa = PBXResourcesBuildPhase;
			buildActionMask = 2147483647;
			files = (
				2A9D3C2D2996BC7A00AA6187 /* news.json in Resources */,
				2A9D3C092996BBB300AA6187 /* Preview Assets.xcassets in Resources */,
				2A9D3C062996BBB300AA6187 /* Assets.xcassets in Resources */,
			);
			runOnlyForDeploymentPostprocessing = 0;
		};
/* End PBXResourcesBuildPhase section */

/* Begin PBXSourcesBuildPhase section */
		2A9D3BFA2996BBB100AA6187 /* Sources */ = {
			isa = PBXSourcesBuildPhase;
			buildActionMask = 2147483647;
			files = (
				2A9D3C042996BBB100AA6187 /* ContentView.swift in Sources */,
				2A9D3C2A2996BC6400AA6187 /* ArticleListView.swift in Sources */,
				2A9D3C342996BC9C00AA6187 /* DataStore.swift in Sources */,
				2A9D3C232996BC6400AA6187 /* ArticleRowView.swift in Sources */,
				2A9D3C2B2996BC6400AA6187 /* NewsTabView.swift in Sources */,
				2A9D3C352996BC9C00AA6187 /* Category.swift in Sources */,
				2A9D3C282996BC6400AA6187 /* SearchTabView.swift in Sources */,
				2A9D3C272996BC6400AA6187 /* BookmarkTabView.swift in Sources */,
				2A9D3C152996BC2400AA6187 /* ArticleNewsViewModel.swift in Sources */,
				2A9D3C262996BC6400AA6187 /* RetryView.swift in Sources */,
				2A9D3C362996BC9C00AA6187 /* NewsAPIResponse.swift in Sources */,
				2A9D3C022996BBB100AA6187 /* NewsAppApp.swift in Sources */,
				2A9D3C242996BC6400AA6187 /* SafariView.swift in Sources */,
				2A9D3C292996BC6400AA6187 /* EmptyPlaceholderView.swift in Sources */,
				2A9D3C132996BC2400AA6187 /* ArticleSearchViewModel.swift in Sources */,
				2A9D3C332996BC9C00AA6187 /* Article.swift in Sources */,
				2A9D3C142996BC2400AA6187 /* ArticleBookmarkViewModel.swift in Sources */,
				2A9D3C182996BC4B00AA6187 /* NewsAPI.swift in Sources */,
				2A9D3C252996BC6400AA6187 /* SearchHistoryListView.swift in Sources */,
			);
			runOnlyForDeploymentPostprocessing = 0;
		};
/* End PBXSourcesBuildPhase section */

/* Begin XCBuildConfiguration section */
		2A9D3C0A2996BBB300AA6187 /* Debug */ = {
			isa = XCBuildConfiguration;
			buildSettings = {
				ALWAYS_SEARCH_USER_PATHS = NO;
				CLANG_ANALYZER_NONNULL = YES;
				CLANG_ANALYZER_NUMBER_OBJECT_CONVERSION = YES_AGGRESSIVE;
				CLANG_CXX_LANGUAGE_STANDARD = "gnu++17";
				CLANG_ENABLE_MODULES = YES;
				CLANG_ENABLE_OBJC_ARC = YES;
				CLANG_ENABLE_OBJC_WEAK = YES;
				CLANG_WARN_BLOCK_CAPTURE_AUTORELEASING = YES;
				CLANG_WARN_BOOL_CONVERSION = YES;
				CLANG_WARN_COMMA = YES;
				CLANG_WARN_CONSTANT_CONVERSION = YES;
				CLANG_WARN_DEPRECATED_OBJC_IMPLEMENTATIONS = YES;
				CLANG_WARN_DIRECT_OBJC_ISA_USAGE = YES_ERROR;
				CLANG_WARN_DOCUMENTATION_COMMENTS = YES;
				CLANG_WARN_EMPTY_BODY = YES;
				CLANG_WARN_ENUM_CONVERSION = YES;
				CLANG_WARN_INFINITE_RECURSION = YES;
				CLANG_WARN_INT_CONVERSION = YES;
				CLANG_WARN_NON_LITERAL_NULL_CONVERSION = YES;
				CLANG_WARN_OBJC_IMPLICIT_RETAIN_SELF = YES;
				CLANG_WARN_OBJC_LITERAL_CONVERSION = YES;
				CLANG_WARN_OBJC_ROOT_CLASS = YES_ERROR;
				CLANG_WARN_QUOTED_INCLUDE_IN_FRAMEWORK_HEADER = YES;
				CLANG_WARN_RANGE_LOOP_ANALYSIS = YES;
				CLANG_WARN_STRICT_PROTOTYPES = YES;
				CLANG_WARN_SUSPICIOUS_MOVE = YES;
				CLANG_WARN_UNGUARDED_AVAILABILITY = YES_AGGRESSIVE;
				CLANG_WARN_UNREACHABLE_CODE = YES;
				CLANG_WARN__DUPLICATE_METHOD_MATCH = YES;
				COPY_PHASE_STRIP = NO;
				DEBUG_INFORMATION_FORMAT = dwarf;
				ENABLE_STRICT_OBJC_MSGSEND = YES;
				ENABLE_TESTABILITY = YES;
				GCC_C_LANGUAGE_STANDARD = gnu11;
				GCC_DYNAMIC_NO_PIC = NO;
				GCC_NO_COMMON_BLOCKS = YES;
				GCC_OPTIMIZATION_LEVEL = 0;
				GCC_PREPROCESSOR_DEFINITIONS = (
					"DEBUG=1",
					"$(inherited)",
				);
				GCC_WARN_64_TO_32_BIT_CONVERSION = YES;
				GCC_WARN_ABOUT_RETURN_TYPE = YES_ERROR;
				GCC_WARN_UNDECLARED_SELECTOR = YES;
				GCC_WARN_UNINITIALIZED_AUTOS = YES_AGGRESSIVE;
				GCC_WARN_UNUSED_FUNCTION = YES;
				GCC_WARN_UNUSED_VARIABLE = YES;
				IPHONEOS_DEPLOYMENT_TARGET = 15.5;
				MTL_ENABLE_DEBUG_INFO = INCLUDE_SOURCE;
				MTL_FAST_MATH = YES;
				ONLY_ACTIVE_ARCH = YES;
				SDKROOT = iphoneos;
				SWIFT_ACTIVE_COMPILATION_CONDITIONS = DEBUG;
				SWIFT_OPTIMIZATION_LEVEL = "-Onone";
			};
			name = Debug;
		};
		2A9D3C0B2996BBB300AA6187 /* Release */ = {
			isa = XCBuildConfiguration;
			buildSettings = {
				ALWAYS_SEARCH_USER_PATHS = NO;
				CLANG_ANALYZER_NONNULL = YES;
				CLANG_ANALYZER_NUMBER_OBJECT_CONVERSION = YES_AGGRESSIVE;
				CLANG_CXX_LANGUAGE_STANDARD = "gnu++17";
				CLANG_ENABLE_MODULES = YES;
				CLANG_ENABLE_OBJC_ARC = YES;
				CLANG_ENABLE_OBJC_WEAK = YES;
				CLANG_WARN_BLOCK_CAPTURE_AUTORELEASING = YES;
				CLANG_WARN_BOOL_CONVERSION = YES;
				CLANG_WARN_COMMA = YES;
				CLANG_WARN_CONSTANT_CONVERSION = YES;
				CLANG_WARN_DEPRECATED_OBJC_IMPLEMENTATIONS = YES;
				CLANG_WARN_DIRECT_OBJC_ISA_USAGE = YES_ERROR;
				CLANG_WARN_DOCUMENTATION_COMMENTS = YES;
				CLANG_WARN_EMPTY_BODY = YES;
				CLANG_WARN_ENUM_CONVERSION = YES;
				CLANG_WARN_INFINITE_RECURSION = YES;
				CLANG_WARN_INT_CONVERSION = YES;
				CLANG_WARN_NON_LITERAL_NULL_CONVERSION = YES;
				CLANG_WARN_OBJC_IMPLICIT_RETAIN_SELF = YES;
				CLANG_WARN_OBJC_LITERAL_CONVERSION = YES;
				CLANG_WARN_OBJC_ROOT_CLASS = YES_ERROR;
				CLANG_WARN_QUOTED_INCLUDE_IN_FRAMEWORK_HEADER = YES;
				CLANG_WARN_RANGE_LOOP_ANALYSIS = YES;
				CLANG_WARN_STRICT_PROTOTYPES = YES;
				CLANG_WARN_SUSPICIOUS_MOVE = YES;
				CLANG_WARN_UNGUARDED_AVAILABILITY = YES_AGGRESSIVE;
				CLANG_WARN_UNREACHABLE_CODE = YES;
				CLANG_WARN__DUPLICATE_METHOD_MATCH = YES;
				COPY_PHASE_STRIP = NO;
				DEBUG_INFORMATION_FORMAT = "dwarf-with-dsym";
				ENABLE_NS_ASSERTIONS = NO;
				ENABLE_STRICT_OBJC_MSGSEND = YES;
				GCC_C_LANGUAGE_STANDARD = gnu11;
				GCC_NO_COMMON_BLOCKS = YES;
				GCC_WARN_64_TO_32_BIT_CONVERSION = YES;
				GCC_WARN_ABOUT_RETURN_TYPE = YES_ERROR;
				GCC_WARN_UNDECLARED_SELECTOR = YES;
				GCC_WARN_UNINITIALIZED_AUTOS = YES_AGGRESSIVE;
				GCC_WARN_UNUSED_FUNCTION = YES;
				GCC_WARN_UNUSED_VARIABLE = YES;
				IPHONEOS_DEPLOYMENT_TARGET = 15.5;
				MTL_ENABLE_DEBUG_INFO = NO;
				MTL_FAST_MATH = YES;
				SDKROOT = iphoneos;
				SWIFT_COMPILATION_MODE = wholemodule;
				SWIFT_OPTIMIZATION_LEVEL = "-O";
				VALIDATE_PRODUCT = YES;
			};
			name = Release;
		};
		2A9D3C0D2996BBB300AA6187 /* Debug */ = {
			isa = XCBuildConfiguration;
			buildSettings = {
				ASSETCATALOG_COMPILER_APPICON_NAME = AppIcon;
				ASSETCATALOG_COMPILER_GLOBAL_ACCENT_COLOR_NAME = AccentColor;
				CODE_SIGN_STYLE = Automatic;
				CURRENT_PROJECT_VERSION = 1;
				DEVELOPMENT_ASSET_PATHS = "\"NewsApp/Preview Content\"";
				DEVELOPMENT_TEAM = 9XZ2ZF22UM;
				ENABLE_PREVIEWS = YES;
				GENERATE_INFOPLIST_FILE = YES;
				INFOPLIST_KEY_UIApplicationSceneManifest_Generation = YES;
				INFOPLIST_KEY_UIApplicationSupportsIndirectInputEvents = YES;
				INFOPLIST_KEY_UILaunchScreen_Generation = YES;
				INFOPLIST_KEY_UISupportedInterfaceOrientations_iPad = "UIInterfaceOrientationPortrait UIInterfaceOrientationPortraitUpsideDown UIInterfaceOrientationLandscapeLeft UIInterfaceOrientationLandscapeRight";
				INFOPLIST_KEY_UISupportedInterfaceOrientations_iPhone = "UIInterfaceOrientationPortrait UIInterfaceOrientationLandscapeLeft UIInterfaceOrientationLandscapeRight";
				LD_RUNPATH_SEARCH_PATHS = (
					"$(inherited)",
					"@executable_path/Frameworks",
				);
				MARKETING_VERSION = 1.0;
				PRODUCT_BUNDLE_IDENTIFIER = com.Shimshek.NewsApp;
				PRODUCT_NAME = "$(TARGET_NAME)";
				SWIFT_EMIT_LOC_STRINGS = YES;
				SWIFT_VERSION = 5.0;
				TARGETED_DEVICE_FAMILY = "1,2";
			};
			name = Debug;
		};
		2A9D3C0E2996BBB300AA6187 /* Release */ = {
			isa = XCBuildConfiguration;
			buildSettings = {
				ASSETCATALOG_COMPILER_APPICON_NAME = AppIcon;
				ASSETCATALOG_COMPILER_GLOBAL_ACCENT_COLOR_NAME = AccentColor;
				CODE_SIGN_STYLE = Automatic;
				CURRENT_PROJECT_VERSION = 1;
				DEVELOPMENT_ASSET_PATHS = "\"NewsApp/Preview Content\"";
				DEVELOPMENT_TEAM = 9XZ2ZF22UM;
				ENABLE_PREVIEWS = YES;
				GENERATE_INFOPLIST_FILE = YES;
				INFOPLIST_KEY_UIApplicationSceneManifest_Generation = YES;
				INFOPLIST_KEY_UIApplicationSupportsIndirectInputEvents = YES;
				INFOPLIST_KEY_UILaunchScreen_Generation = YES;
				INFOPLIST_KEY_UISupportedInterfaceOrientations_iPad = "UIInterfaceOrientationPortrait UIInterfaceOrientationPortraitUpsideDown UIInterfaceOrientationLandscapeLeft UIInterfaceOrientationLandscapeRight";
				INFOPLIST_KEY_UISupportedInterfaceOrientations_iPhone = "UIInterfaceOrientationPortrait UIInterfaceOrientationLandscapeLeft UIInterfaceOrientationLandscapeRight";
				LD_RUNPATH_SEARCH_PATHS = (
					"$(inherited)",
					"@executable_path/Frameworks",
				);
				MARKETING_VERSION = 1.0;
				PRODUCT_BUNDLE_IDENTIFIER = com.Shimshek.NewsApp;
				PRODUCT_NAME = "$(TARGET_NAME)";
				SWIFT_EMIT_LOC_STRINGS = YES;
				SWIFT_VERSION = 5.0;
				TARGETED_DEVICE_FAMILY = "1,2";
			};
			name = Release;
		};
/* End XCBuildConfiguration section */

/* Begin XCConfigurationList section */
		2A9D3BF92996BBB100AA6187 /* Build configuration list for PBXProject "NewsApp" */ = {
			isa = XCConfigurationList;
			buildConfigurations = (
				2A9D3C0A2996BBB300AA6187 /* Debug */,
				2A9D3C0B2996BBB300AA6187 /* Release */,
			);
			defaultConfigurationIsVisible = 0;
			defaultConfigurationName = Release;
		};
		2A9D3C0C2996BBB300AA6187 /* Build configuration list for PBXNativeTarget "NewsApp" */ = {
			isa = XCConfigurationList;
			buildConfigurations = (
				2A9D3C0D2996BBB300AA6187 /* Debug */,
				2A9D3C0E2996BBB300AA6187 /* Release */,
			);
			defaultConfigurationIsVisible = 0;
			defaultConfigurationName = Release;
		};
/* End XCConfigurationList section */
	};
	rootObject = 2A9D3BF62996BBB100AA6187 /* Project object */;
}
